// !$*UTF8*$!
{
	archiveVersion = 1;
	classes = {
	};
	objectVersion = 46;
	objects = {

/* Begin PBXBuildFile section */
		EA8EF1F31D21198200326D1B /* AppDelegate.swift in Sources */ = {isa = PBXBuildFile; fileRef = EA8EF1F21D21198200326D1B /* AppDelegate.swift */; };
		EA8EF1F51D21198200326D1B /* FaceViewController.swift in Sources */ = {isa = PBXBuildFile; fileRef = EA8EF1F41D21198200326D1B /* FaceViewController.swift */; };
		EA8EF1F81D21198200326D1B /* Main.storyboard in Resources */ = {isa = PBXBuildFile; fileRef = EA8EF1F61D21198200326D1B /* Main.storyboard */; };
		EA8EF1FA1D21198200326D1B /* Assets.xcassets in Resources */ = {isa = PBXBuildFile; fileRef = EA8EF1F91D21198200326D1B /* Assets.xcassets */; };
		EA8EF1FD1D21198200326D1B /* LaunchScreen.storyboard in Resources */ = {isa = PBXBuildFile; fileRef = EA8EF1FB1D21198200326D1B /* LaunchScreen.storyboard */; };
		EA8EF2061D211BC200326D1B /* FaceView.swift in Sources */ = {isa = PBXBuildFile; fileRef = EA8EF2051D211BC200326D1B /* FaceView.swift */; };
/* End PBXBuildFile section */

/* Begin PBXFileReference section */
		EA8EF1EF1D21198200326D1B /* FaceIt.app */ = {isa = PBXFileReference; explicitFileType = wrapper.application; includeInIndex = 0; path = FaceIt.app; sourceTree = BUILT_PRODUCTS_DIR; };
		EA8EF1F21D21198200326D1B /* AppDelegate.swift */ = {isa = PBXFileReference; lastKnownFileType = sourcecode.swift; path = AppDelegate.swift; sourceTree = "<group>"; };
		EA8EF1F41D21198200326D1B /* FaceViewController.swift */ = {isa = PBXFileReference; lastKnownFileType = sourcecode.swift; path = FaceViewController.swift; sourceTree = "<group>"; };
		EA8EF1F71D21198200326D1B /* Base */ = {isa = PBXFileReference; lastKnownFileType = file.storyboard; name = Base; path = Base.lproj/Main.storyboard; sourceTree = "<group>"; };
		EA8EF1F91D21198200326D1B /* Assets.xcassets */ = {isa = PBXFileReference; lastKnownFileType = folder.assetcatalog; path = Assets.xcassets; sourceTree = "<group>"; };
		EA8EF1FC1D21198200326D1B /* Base */ = {isa = PBXFileReference; lastKnownFileType = file.storyboard; name = Base; path = Base.lproj/LaunchScreen.storyboard; sourceTree = "<group>"; };
		EA8EF1FE1D21198200326D1B /* Info.plist */ = {isa = PBXFileReference; lastKnownFileType = text.plist.xml; path = Info.plist; sourceTree = "<group>"; };
		EA8EF2051D211BC200326D1B /* FaceView.swift */ = {isa = PBXFileReference; fileEncoding = 4; lastKnownFileType = sourcecode.swift; path = FaceView.swift; sourceTree = "<group>"; };
/* End PBXFileReference section */

/* Begin PBXFrameworksBuildPhase section */
		EA8EF1EC1D21198200326D1B /* Frameworks */ = {
			isa = PBXFrameworksBuildPhase;
			buildActionMask = 2147483647;
			files = (
			);
			runOnlyForDeploymentPostprocessing = 0;
		};
/* End PBXFrameworksBuildPhase section */

/* Begin PBXGroup section */
		EA8EF1E61D21198200326D1B = {
			isa = PBXGroup;
			children = (
				EA8EF1F11D21198200326D1B /* FaceIt */,
				EA8EF1F01D21198200326D1B /* Products */,
			);
			sourceTree = "<group>";
		};
		EA8EF1F01D21198200326D1B /* Products */ = {
			isa = PBXGroup;
			children = (
				EA8EF1EF1D21198200326D1B /* FaceIt.app */,
			);
			name = Products;
			sourceTree = "<group>";
		};
		EA8EF1F11D21198200326D1B /* FaceIt */ = {
			isa = PBXGroup;
			children = (
				EA8EF1F41D21198200326D1B /* FaceViewController.swift */,
				EA8EF1F61D21198200326D1B /* Main.storyboard */,
				EA8EF2051D211BC200326D1B /* FaceView.swift */,
				EA8EF2041D2119C300326D1B /* Supporting Files */,
			);
			path = FaceIt;
			sourceTree = "<group>";
		};
		EA8EF2041D2119C300326D1B /* Supporting Files */ = {
			isa = PBXGroup;
			children = (
				EA8EF1F21D21198200326D1B /* AppDelegate.swift */,
				EA8EF1F91D21198200326D1B /* Assets.xcassets */,
				EA8EF1FB1D21198200326D1B /* LaunchScreen.storyboard */,
				EA8EF1FE1D21198200326D1B /* Info.plist */,
			);
			name = "Supporting Files";
			sourceTree = "<group>";
		};
/* End PBXGroup section */

/* Begin PBXNativeTarget section */
		EA8EF1EE1D21198200326D1B /* FaceIt */ = {
			isa = PBXNativeTarget;
			buildConfigurationList = EA8EF2011D21198200326D1B /* Build configuration list for PBXNativeTarget "FaceIt" */;
			buildPhases = (
				EA8EF1EB1D21198200326D1B /* Sources */,
				EA8EF1EC1D21198200326D1B /* Frameworks */,
				EA8EF1ED1D21198200326D1B /* Resources */,
			);
			buildRules = (
			);
			dependencies = (
			);
			name = FaceIt;
			productName = FaceIt;
			productReference = EA8EF1EF1D21198200326D1B /* FaceIt.app */;
			productType = "com.apple.product-type.application";
		};
/* End PBXNativeTarget section */

/* Begin PBXProject section */
		EA8EF1E71D21198200326D1B /* Project object */ = {
			isa = PBXProject;
			attributes = {
				LastSwiftUpdateCheck = 0730;
				LastUpgradeCheck = 0730;
				ORGANIZATIONNAME = lalitote;
				TargetAttributes = {
					EA8EF1EE1D21198200326D1B = {
						CreatedOnToolsVersion = 7.3.1;
					};
				};
			};
			buildConfigurationList = EA8EF1EA1D21198200326D1B /* Build configuration list for PBXProject "FaceIt" */;
			compatibilityVersion = "Xcode 3.2";
			developmentRegion = English;
			hasScannedForEncodings = 0;
			knownRegions = (
				en,
				Base,
			);
			mainGroup = EA8EF1E61D21198200326D1B;
			productRefGroup = EA8EF1F01D21198200326D1B /* Products */;
			projectDirPath = "";
			projectRoot = "";
			targets = (
				EA8EF1EE1D21198200326D1B /* FaceIt */,
			);
		};
/* End PBXProject section */

/* Begin PBXResourcesBuildPhase section */
		EA8EF1ED1D21198200326D1B /* Resources */ = {
			isa = PBXResourcesBuildPhase;
			buildActionMask = 2147483647;
			files = (
				EA8EF1FD1D21198200326D1B /* LaunchScreen.storyboard in Resources */,
				EA8EF1FA1D21198200326D1B /* Assets.xcassets in Resources */,
				EA8EF1F81D21198200326D1B /* Main.storyboard in Resources */,
			);
			runOnlyForDeploymentPostprocessing = 0;
		};
/* End PBXResourcesBuildPhase section */

/* Begin PBXSourcesBuildPhase section */
		EA8EF1EB1D21198200326D1B /* Sources */ = {
			isa = PBXSourcesBuildPhase;
			buildActionMask = 2147483647;
			files = (
				EA8EF1F51D21198200326D1B /* FaceViewController.swift in Sources */,
				EA8EF1F31D21198200326D1B /* AppDelegate.swift in Sources */,
				EA8EF2061D211BC200326D1B /* FaceView.swift in Sources */,
			);
			runOnlyForDeploymentPostprocessing = 0;
		};
/* End PBXSourcesBuildPhase section */

/* Begin PBXVariantGroup section */
		EA8EF1F61D21198200326D1B /* Main.storyboard */ = {
			isa = PBXVariantGroup;
			children = (
				EA8EF1F71D21198200326D1B /* Base */,
			);
			name = Main.storyboard;
			sourceTree = "<group>";
		};
		EA8EF1FB1D21198200326D1B /* LaunchScreen.storyboard */ = {
			isa = PBXVariantGroup;
			children = (
				EA8EF1FC1D21198200326D1B /* Base */,
			);
			name = LaunchScreen.storyboard;
			sourceTree = "<group>";
		};
/* End PBXVariantGroup section */

/* Begin XCBuildConfiguration section */
		EA8EF1FF1D21198200326D1B /* Debug */ = {
			isa = XCBuildConfiguration;
			buildSettings = {
				ALWAYS_SEARCH_USER_PATHS = NO;
				CLANG_ANALYZER_NONNULL = YES;
				CLANG_CXX_LANGUAGE_STANDARD = "gnu++0x";
				CLANG_CXX_LIBRARY = "libc++";
				CLANG_ENABLE_MODULES = YES;
				CLANG_ENABLE_OBJC_ARC = YES;
				CLANG_WARN_BOOL_CONVERSION = YES;
				CLANG_WARN_CONSTANT_CONVERSION = YES;
				CLANG_WARN_DIRECT_OBJC_ISA_USAGE = YES_ERROR;
				CLANG_WARN_EMPTY_BODY = YES;
				CLANG_WARN_ENUM_CONVERSION = YES;
				CLANG_WARN_INT_CONVERSION = YES;
				CLANG_WARN_OBJC_ROOT_CLASS = YES_ERROR;
				CLANG_WARN_UNREACHABLE_CODE = YES;
				CLANG_WARN__DUPLICATE_METHOD_MATCH = YES;
				"CODE_SIGN_IDENTITY[sdk=iphoneos*]" = "iPhone Developer";
				COPY_PHASE_STRIP = NO;
				DEBUG_INFORMATION_FORMAT = dwarf;
				ENABLE_STRICT_OBJC_MSGSEND = YES;
				ENABLE_TESTABILITY = YES;
				GCC_C_LANGUAGE_STANDARD = gnu99;
				GCC_DYNAMIC_NO_PIC = NO;
				GCC_NO_COMMON_BLOCKS = YES;
				GCC_OPTIMIZATION_LEVEL = 0;
				GCC_PREPROCESSOR_DEFINITIONS = (
					"DEBUG=1",
					"$(inherited)",
				);
				GCC_WARN_64_TO_32_BIT_CONVERSION = YES;
				GCC_WARN_ABOUT_RETURN_TYPE = YES_ERROR;
				GCC_WARN_UNDECLARED_SELECTOR = YES;
				GCC_WARN_UNINITIALIZED_AUTOS = YES_AGGRESSIVE;
				GCC_WARN_UNUSED_FUNCTION = YES;
				GCC_WARN_UNUSED_VARIABLE = YES;
				IPHONEOS_DEPLOYMENT_TARGET = 9.3;
				MTL_ENABLE_DEBUG_INFO = YES;
				ONLY_ACTIVE_ARCH = YES;
				SDKROOT = iphoneos;
				SWIFT_OPTIMIZATION_LEVEL = "-Onone";
				TARGETED_DEVICE_FAMILY = "1,2";
			};
			name = Debug;
		};
		EA8EF2001D21198200326D1B /* Release */ = {
			isa = XCBuildConfiguration;
			buildSettings = {
				ALWAYS_SEARCH_USER_PATHS = NO;
				CLANG_ANALYZER_NONNULL = YES;
				CLANG_CXX_LANGUAGE_STANDARD = "gnu++0x";
				CLANG_CXX_LIBRARY = "libc++";
				CLANG_ENABLE_MODULES = YES;
				CLANG_ENABLE_OBJC_ARC = YES;
				CLANG_WARN_BOOL_CONVERSION = YES;
				CLANG_WARN_CONSTANT_CONVERSION = YES;
				CLANG_WARN_DIRECT_OBJC_ISA_USAGE = YES_ERROR;
				CLANG_WARN_EMPTY_BODY = YES;
				CLANG_WARN_ENUM_CONVERSION = YES;
				CLANG_WARN_INT_CONVERSION = YES;
				CLANG_WARN_OBJC_ROOT_CLASS = YES_ERROR;
				CLANG_WARN_UNREACHABLE_CODE = YES;
				CLANG_WARN__DUPLICATE_METHOD_MATCH = YES;
				"CODE_SIGN_IDENTITY[sdk=iphoneos*]" = "iPhone Developer";
				COPY_PHASE_STRIP = NO;
				DEBUG_INFORMATION_FORMAT = "dwarf-with-dsym";
				ENABLE_NS_ASSERTIONS = NO;
				ENABLE_STRICT_OBJC_MSGSEND = YES;
				GCC_C_LANGUAGE_STANDARD = gnu99;
				GCC_NO_COMMON_BLOCKS = YES;
				GCC_WARN_64_TO_32_BIT_CONVERSION = YES;
				GCC_WARN_ABOUT_RETURN_TYPE = YES_ERROR;
				GCC_WARN_UNDECLARED_SELECTOR = YES;
				GCC_WARN_UNINITIALIZED_AUTOS = YES_AGGRESSIVE;
				GCC_WARN_UNUSED_FUNCTION = YES;
				GCC_WARN_UNUSED_VARIABLE = YES;
				IPHONEOS_DEPLOYMENT_TARGET = 9.3;
				MTL_ENABLE_DEBUG_INFO = NO;
				SDKROOT = iphoneos;
				TARGETED_DEVICE_FAMILY = "1,2";
				VALIDATE_PRODUCT = YES;
			};
			name = Release;
		};
		EA8EF2021D21198200326D1B /* Debug */ = {
			isa = XCBuildConfiguration;
			buildSettings = {
				ASSETCATALOG_COMPILER_APPICON_NAME = AppIcon;
				INFOPLIST_FILE = FaceIt/Info.plist;
				LD_RUNPATH_SEARCH_PATHS = "$(inherited) @executable_path/Frameworks";
				PRODUCT_BUNDLE_IDENTIFIER = com.lalitote.FaceIt;
				PRODUCT_NAME = "$(TARGET_NAME)";
			};
			name = Debug;
		};
		EA8EF2031D21198200326D1B /* Release */ = {
			isa = XCBuildConfiguration;
			buildSettings = {
				ASSETCATALOG_COMPILER_APPICON_NAME = AppIcon;
				INFOPLIST_FILE = FaceIt/Info.plist;
				LD_RUNPATH_SEARCH_PATHS = "$(inherited) @executable_path/Frameworks";
				PRODUCT_BUNDLE_IDENTIFIER = com.lalitote.FaceIt;
				PRODUCT_NAME = "$(TARGET_NAME)";
			};
			name = Release;
		};
/* End XCBuildConfiguration section */

/* Begin XCConfigurationList section */
		EA8EF1EA1D21198200326D1B /* Build configuration list for PBXProject "FaceIt" */ = {
			isa = XCConfigurationList;
			buildConfigurations = (
				EA8EF1FF1D21198200326D1B /* Debug */,
				EA8EF2001D21198200326D1B /* Release */,
			);
			defaultConfigurationIsVisible = 0;
			defaultConfigurationName = Release;
		};
		EA8EF2011D21198200326D1B /* Build configuration list for PBXNativeTarget "FaceIt" */ = {
			isa = XCConfigurationList;
			buildConfigurations = (
				EA8EF2021D21198200326D1B /* Debug */,
				EA8EF2031D21198200326D1B /* Release */,
			);
			defaultConfigurationIsVisible = 0;
		};
/* End XCConfigurationList section */
	};
	rootObject = EA8EF1E71D21198200326D1B /* Project object */;
}
